[{<<"cowlib">>,
  {git,"https://github.com/ninenines/cowlib",
       {ref,"3ef5b48a028bb66f82b452c98ae515903096641c"}},
  1},
 {<<"goldrush">>,
  {git,"https://github.com/basho/goldrush.git",
       {ref,"8f1b715d36b650ec1e1f5612c00e28af6ab0de82"}},
  1},
 {<<"gun">>,
  {git,"https://github.com/ninenines/gun.git",
       {ref,"0fe54af72b81fdb198a377198d7f3a91f9ad6d7c"}},
  0},
 {<<"jiffy">>,
  {git,"https://github.com/davisp/jiffy.git",
       {ref,"7602deef034527c136b3bebc006b91ee87e785b4"}},
  0},
 {<<"jsonrpc2">>,
  {git,"https://github.com/zuiderkwast/jsonrpc2-erlang.git",
       {ref,"af98c691d6876fd4e23e367624b8eb65fd6a4ccc"}},
  0},
 {<<"lager">>,
  {git,"https://github.com/basho/lager.git",
       {ref,"81eaef0ce98fdbf64ab95665e3bc2ec4b24c7dac"}},
  0},
 {<<"ranch">>,
  {git,"https://github.com/ninenines/ranch",
       {ref,"f7934bfaecb8351553a3e12bbaba7180b927a0e8"}},
  1}].
